// !$*UTF8*$!
{
	archiveVersion = 1;
	classes = {
	};
	objectVersion = 46;
	objects = {

/* Begin PBXBuildFile section */
		000D0CAB1DC2EBC100C1A1A5 /* AppDelegate.swift in Sources */ = {isa = PBXBuildFile; fileRef = 000D0CAA1DC2EBC100C1A1A5 /* AppDelegate.swift */; };
		000D0CC01DC2EBC100C1A1A5 /* KS_DYZBTests.swift in Sources */ = {isa = PBXBuildFile; fileRef = 000D0CBF1DC2EBC100C1A1A5 /* KS_DYZBTests.swift */; };
		000D0CCB1DC2EBC100C1A1A5 /* KS_DYZBUITests.swift in Sources */ = {isa = PBXBuildFile; fileRef = 000D0CCA1DC2EBC100C1A1A5 /* KS_DYZBUITests.swift */; };
		000D0D161DC2FF7F00C1A1A5 /* Assets.xcassets in Resources */ = {isa = PBXBuildFile; fileRef = 000D0D121DC2FF7F00C1A1A5 /* Assets.xcassets */; };
		000D0D171DC2FF7F00C1A1A5 /* Info.plist in Resources */ = {isa = PBXBuildFile; fileRef = 000D0D131DC2FF7F00C1A1A5 /* Info.plist */; };
		000D0D181DC2FF7F00C1A1A5 /* LaunchScreen.storyboard in Resources */ = {isa = PBXBuildFile; fileRef = 000D0D141DC2FF7F00C1A1A5 /* LaunchScreen.storyboard */; };
		000D0D191DC2FF7F00C1A1A5 /* Main.storyboard in Resources */ = {isa = PBXBuildFile; fileRef = 000D0D151DC2FF7F00C1A1A5 /* Main.storyboard */; };
		000D0D1B1DC31FE800C1A1A5 /* KSHome.storyboard in Resources */ = {isa = PBXBuildFile; fileRef = 000D0D1A1DC31FE800C1A1A5 /* KSHome.storyboard */; };
		000D0D1D1DC3205900C1A1A5 /* KSLive.storyboard in Resources */ = {isa = PBXBuildFile; fileRef = 000D0D1C1DC3205900C1A1A5 /* KSLive.storyboard */; };
		000D0D1F1DC3209100C1A1A5 /* KSFocus.storyboard in Resources */ = {isa = PBXBuildFile; fileRef = 000D0D1E1DC3209100C1A1A5 /* KSFocus.storyboard */; };
		000D0D211DC320CF00C1A1A5 /* KSMine.storyboard in Resources */ = {isa = PBXBuildFile; fileRef = 000D0D201DC320CF00C1A1A5 /* KSMine.storyboard */; };
		000D0D231DC3370800C1A1A5 /* KSHomeController.swift in Sources */ = {isa = PBXBuildFile; fileRef = 000D0D221DC3370800C1A1A5 /* KSHomeController.swift */; };
		000D0D251DC33E6700C1A1A5 /* KSPageTitleView.swift in Sources */ = {isa = PBXBuildFile; fileRef = 000D0D241DC33E6700C1A1A5 /* KSPageTitleView.swift */; };
		000D0D271DC3467B00C1A1A5 /* KSCommon.swift in Sources */ = {isa = PBXBuildFile; fileRef = 000D0D261DC3467B00C1A1A5 /* KSCommon.swift */; };
		000D0D291DC3541E00C1A1A5 /* KSPageContentView.swift in Sources */ = {isa = PBXBuildFile; fileRef = 000D0D281DC3541E00C1A1A5 /* KSPageContentView.swift */; };
		00DBB3561DC6F3B300896787 /* UIColor_KSExtension.swift in Sources */ = {isa = PBXBuildFile; fileRef = 00DBB3551DC6F3B300896787 /* UIColor_KSExtension.swift */; };
/* End PBXBuildFile section */

/* Begin PBXContainerItemProxy section */
		000D0CBC1DC2EBC100C1A1A5 /* PBXContainerItemProxy */ = {
			isa = PBXContainerItemProxy;
			containerPortal = 000D0C9F1DC2EBC100C1A1A5 /* Project object */;
			proxyType = 1;
			remoteGlobalIDString = 000D0CA61DC2EBC100C1A1A5;
			remoteInfo = KS_DYZB;
		};
		000D0CC71DC2EBC100C1A1A5 /* PBXContainerItemProxy */ = {
			isa = PBXContainerItemProxy;
			containerPortal = 000D0C9F1DC2EBC100C1A1A5 /* Project object */;
			proxyType = 1;
			remoteGlobalIDString = 000D0CA61DC2EBC100C1A1A5;
			remoteInfo = KS_DYZB;
		};
/* End PBXContainerItemProxy section */

/* Begin PBXFileReference section */
		000D0CA71DC2EBC100C1A1A5 /* KS_DYZB.app */ = {isa = PBXFileReference; explicitFileType = wrapper.application; includeInIndex = 0; path = KS_DYZB.app; sourceTree = BUILT_PRODUCTS_DIR; };
		000D0CAA1DC2EBC100C1A1A5 /* AppDelegate.swift */ = {isa = PBXFileReference; lastKnownFileType = sourcecode.swift; path = AppDelegate.swift; sourceTree = "<group>"; };
		000D0CBB1DC2EBC100C1A1A5 /* KS_DYZBTests.xctest */ = {isa = PBXFileReference; explicitFileType = wrapper.cfbundle; includeInIndex = 0; path = KS_DYZBTests.xctest; sourceTree = BUILT_PRODUCTS_DIR; };
		000D0CBF1DC2EBC100C1A1A5 /* KS_DYZBTests.swift */ = {isa = PBXFileReference; lastKnownFileType = sourcecode.swift; path = KS_DYZBTests.swift; sourceTree = "<group>"; };
		000D0CC11DC2EBC100C1A1A5 /* Info.plist */ = {isa = PBXFileReference; lastKnownFileType = text.plist.xml; path = Info.plist; sourceTree = "<group>"; };
		000D0CC61DC2EBC100C1A1A5 /* KS_DYZBUITests.xctest */ = {isa = PBXFileReference; explicitFileType = wrapper.cfbundle; includeInIndex = 0; path = KS_DYZBUITests.xctest; sourceTree = BUILT_PRODUCTS_DIR; };
		000D0CCA1DC2EBC100C1A1A5 /* KS_DYZBUITests.swift */ = {isa = PBXFileReference; lastKnownFileType = sourcecode.swift; path = KS_DYZBUITests.swift; sourceTree = "<group>"; };
		000D0CCC1DC2EBC100C1A1A5 /* Info.plist */ = {isa = PBXFileReference; lastKnownFileType = text.plist.xml; path = Info.plist; sourceTree = "<group>"; };
		000D0D121DC2FF7F00C1A1A5 /* Assets.xcassets */ = {isa = PBXFileReference; lastKnownFileType = folder.assetcatalog; path = Assets.xcassets; sourceTree = "<group>"; };
		000D0D131DC2FF7F00C1A1A5 /* Info.plist */ = {isa = PBXFileReference; fileEncoding = 4; lastKnownFileType = text.plist.xml; path = Info.plist; sourceTree = "<group>"; };
		000D0D141DC2FF7F00C1A1A5 /* LaunchScreen.storyboard */ = {isa = PBXFileReference; fileEncoding = 4; lastKnownFileType = file.storyboard; path = LaunchScreen.storyboard; sourceTree = "<group>"; };
		000D0D151DC2FF7F00C1A1A5 /* Main.storyboard */ = {isa = PBXFileReference; fileEncoding = 4; lastKnownFileType = file.storyboard; path = Main.storyboard; sourceTree = "<group>"; };
		000D0D1A1DC31FE800C1A1A5 /* KSHome.storyboard */ = {isa = PBXFileReference; fileEncoding = 4; lastKnownFileType = file.storyboard; name = KSHome.storyboard; path = KS_DYZB/Classes/Home/Controller/KSHome.storyboard; sourceTree = SOURCE_ROOT; };
		000D0D1C1DC3205900C1A1A5 /* KSLive.storyboard */ = {isa = PBXFileReference; fileEncoding = 4; lastKnownFileType = file.storyboard; path = KSLive.storyboard; sourceTree = "<group>"; };
		000D0D1E1DC3209100C1A1A5 /* KSFocus.storyboard */ = {isa = PBXFileReference; fileEncoding = 4; lastKnownFileType = file.storyboard; path = KSFocus.storyboard; sourceTree = "<group>"; };
		000D0D201DC320CF00C1A1A5 /* KSMine.storyboard */ = {isa = PBXFileReference; fileEncoding = 4; lastKnownFileType = file.storyboard; path = KSMine.storyboard; sourceTree = "<group>"; };
		000D0D221DC3370800C1A1A5 /* KSHomeController.swift */ = {isa = PBXFileReference; fileEncoding = 4; lastKnownFileType = sourcecode.swift; path = KSHomeController.swift; sourceTree = "<group>"; };
		000D0D241DC33E6700C1A1A5 /* KSPageTitleView.swift */ = {isa = PBXFileReference; fileEncoding = 4; lastKnownFileType = sourcecode.swift; path = KSPageTitleView.swift; sourceTree = "<group>"; };
		000D0D261DC3467B00C1A1A5 /* KSCommon.swift */ = {isa = PBXFileReference; fileEncoding = 4; lastKnownFileType = sourcecode.swift; path = KSCommon.swift; sourceTree = "<group>"; };
		000D0D281DC3541E00C1A1A5 /* KSPageContentView.swift */ = {isa = PBXFileReference; fileEncoding = 4; lastKnownFileType = sourcecode.swift; path = KSPageContentView.swift; sourceTree = "<group>"; };
		00DBB3551DC6F3B300896787 /* UIColor_KSExtension.swift */ = {isa = PBXFileReference; fileEncoding = 4; lastKnownFileType = sourcecode.swift; path = UIColor_KSExtension.swift; sourceTree = "<group>"; };
/* End PBXFileReference section */

/* Begin PBXFrameworksBuildPhase section */
		000D0CA41DC2EBC100C1A1A5 /* Frameworks */ = {
			isa = PBXFrameworksBuildPhase;
			buildActionMask = 2147483647;
			files = (
			);
			runOnlyForDeploymentPostprocessing = 0;
		};
		000D0CB81DC2EBC100C1A1A5 /* Frameworks */ = {
			isa = PBXFrameworksBuildPhase;
			buildActionMask = 2147483647;
			files = (
			);
			runOnlyForDeploymentPostprocessing = 0;
		};
		000D0CC31DC2EBC100C1A1A5 /* Frameworks */ = {
			isa = PBXFrameworksBuildPhase;
			buildActionMask = 2147483647;
			files = (
			);
			runOnlyForDeploymentPostprocessing = 0;
		};
/* End PBXFrameworksBuildPhase section */

/* Begin PBXGroup section */
		000D0C9E1DC2EBC100C1A1A5 = {
			isa = PBXGroup;
			children = (
				000D0CA91DC2EBC100C1A1A5 /* KS_DYZB */,
				000D0CBE1DC2EBC100C1A1A5 /* KS_DYZBTests */,
				000D0CC91DC2EBC100C1A1A5 /* KS_DYZBUITests */,
				000D0CA81DC2EBC100C1A1A5 /* Products */,
			);
			sourceTree = "<group>";
		};
		000D0CA81DC2EBC100C1A1A5 /* Products */ = {
			isa = PBXGroup;
			children = (
				000D0CA71DC2EBC100C1A1A5 /* KS_DYZB.app */,
				000D0CBB1DC2EBC100C1A1A5 /* KS_DYZBTests.xctest */,
				000D0CC61DC2EBC100C1A1A5 /* KS_DYZBUITests.xctest */,
			);
			name = Products;
			sourceTree = "<group>";
		};
		000D0CA91DC2EBC100C1A1A5 /* KS_DYZB */ = {
			isa = PBXGroup;
			children = (
				000D0CF51DC2FDC400C1A1A5 /* Classes */,
				000D0D111DC2FF7F00C1A1A5 /* Other */,
				000D0CAA1DC2EBC100C1A1A5 /* AppDelegate.swift */,
			);
			path = KS_DYZB;
			sourceTree = "<group>";
		};
		000D0CBE1DC2EBC100C1A1A5 /* KS_DYZBTests */ = {
			isa = PBXGroup;
			children = (
				000D0CBF1DC2EBC100C1A1A5 /* KS_DYZBTests.swift */,
				000D0CC11DC2EBC100C1A1A5 /* Info.plist */,
			);
			path = KS_DYZBTests;
			sourceTree = "<group>";
		};
		000D0CC91DC2EBC100C1A1A5 /* KS_DYZBUITests */ = {
			isa = PBXGroup;
			children = (
				000D0CCA1DC2EBC100C1A1A5 /* KS_DYZBUITests.swift */,
				000D0CCC1DC2EBC100C1A1A5 /* Info.plist */,
			);
			path = KS_DYZBUITests;
			sourceTree = "<group>";
		};
		000D0CF51DC2FDC400C1A1A5 /* Classes */ = {
			isa = PBXGroup;
			children = (
				000D0D051DC2FDC400C1A1A5 /* Main */,
				000D0CFB1DC2FDC400C1A1A5 /* Home */,
				000D0D001DC2FDC400C1A1A5 /* Live */,
				000D0CF61DC2FDC400C1A1A5 /* Focus */,
				000D0D0A1DC2FDC400C1A1A5 /* Mine */,
				000D0D0F1DC2FDC400C1A1A5 /* Tools */,
			);
			path = Classes;
			sourceTree = "<group>";
		};
		000D0CF61DC2FDC400C1A1A5 /* Focus */ = {
			isa = PBXGroup;
			children = (
				000D0CF71DC2FDC400C1A1A5 /* Controller */,
				000D0CF91DC2FDC400C1A1A5 /* View */,
				000D0CF81DC2FDC400C1A1A5 /* Model */,
				000D0CFA1DC2FDC400C1A1A5 /* ViewModel */,
			);
			path = Focus;
			sourceTree = "<group>";
		};
		000D0CF71DC2FDC400C1A1A5 /* Controller */ = {
			isa = PBXGroup;
			children = (
				000D0D1E1DC3209100C1A1A5 /* KSFocus.storyboard */,
			);
			path = Controller;
			sourceTree = "<group>";
		};
		000D0CF81DC2FDC400C1A1A5 /* Model */ = {
			isa = PBXGroup;
			children = (
			);
			path = Model;
			sourceTree = "<group>";
		};
		000D0CF91DC2FDC400C1A1A5 /* View */ = {
			isa = PBXGroup;
			children = (
			);
			path = View;
			sourceTree = "<group>";
		};
		000D0CFA1DC2FDC400C1A1A5 /* ViewModel */ = {
			isa = PBXGroup;
			children = (
			);
			path = ViewModel;
			sourceTree = "<group>";
		};
		000D0CFB1DC2FDC400C1A1A5 /* Home */ = {
			isa = PBXGroup;
			children = (
				000D0CFC1DC2FDC400C1A1A5 /* Controller */,
				000D0CFE1DC2FDC400C1A1A5 /* View */,
				000D0CFD1DC2FDC400C1A1A5 /* Model */,
				000D0CFF1DC2FDC400C1A1A5 /* ViewModel */,
			);
			path = Home;
			sourceTree = "<group>";
		};
		000D0CFC1DC2FDC400C1A1A5 /* Controller */ = {
			isa = PBXGroup;
			children = (
				000D0D1A1DC31FE800C1A1A5 /* KSHome.storyboard */,
				000D0D221DC3370800C1A1A5 /* KSHomeController.swift */,
			);
			path = Controller;
			sourceTree = "<group>";
		};
		000D0CFD1DC2FDC400C1A1A5 /* Model */ = {
			isa = PBXGroup;
			children = (
			);
			path = Model;
			sourceTree = "<group>";
		};
		000D0CFE1DC2FDC400C1A1A5 /* View */ = {
			isa = PBXGroup;
			children = (
			);
			path = View;
			sourceTree = "<group>";
		};
		000D0CFF1DC2FDC400C1A1A5 /* ViewModel */ = {
			isa = PBXGroup;
			children = (
			);
			path = ViewModel;
			sourceTree = "<group>";
		};
		000D0D001DC2FDC400C1A1A5 /* Live */ = {
			isa = PBXGroup;
			children = (
				000D0D011DC2FDC400C1A1A5 /* Controller */,
				000D0D031DC2FDC400C1A1A5 /* View */,
				000D0D021DC2FDC400C1A1A5 /* Model */,
				000D0D041DC2FDC400C1A1A5 /* ViewModel */,
			);
			path = Live;
			sourceTree = "<group>";
		};
		000D0D011DC2FDC400C1A1A5 /* Controller */ = {
			isa = PBXGroup;
			children = (
				000D0D1C1DC3205900C1A1A5 /* KSLive.storyboard */,
			);
			path = Controller;
			sourceTree = "<group>";
		};
		000D0D021DC2FDC400C1A1A5 /* Model */ = {
			isa = PBXGroup;
			children = (
			);
			path = Model;
			sourceTree = "<group>";
		};
		000D0D031DC2FDC400C1A1A5 /* View */ = {
			isa = PBXGroup;
			children = (
			);
			path = View;
			sourceTree = "<group>";
		};
		000D0D041DC2FDC400C1A1A5 /* ViewModel */ = {
			isa = PBXGroup;
			children = (
			);
			path = ViewModel;
			sourceTree = "<group>";
		};
		000D0D051DC2FDC400C1A1A5 /* Main */ = {
			isa = PBXGroup;
			children = (
				000D0D061DC2FDC400C1A1A5 /* Controller */,
				000D0D081DC2FDC400C1A1A5 /* View */,
				000D0D071DC2FDC400C1A1A5 /* Model */,
				000D0D091DC2FDC400C1A1A5 /* ViewModel */,
			);
			path = Main;
			sourceTree = "<group>";
		};
		000D0D061DC2FDC400C1A1A5 /* Controller */ = {
			isa = PBXGroup;
			children = (
			);
			path = Controller;
			sourceTree = "<group>";
		};
		000D0D071DC2FDC400C1A1A5 /* Model */ = {
			isa = PBXGroup;
			children = (
			);
			path = Model;
			sourceTree = "<group>";
		};
		000D0D081DC2FDC400C1A1A5 /* View */ = {
			isa = PBXGroup;
			children = (
				000D0D241DC33E6700C1A1A5 /* KSPageTitleView.swift */,
				000D0D281DC3541E00C1A1A5 /* KSPageContentView.swift */,
			);
			path = View;
			sourceTree = "<group>";
		};
		000D0D091DC2FDC400C1A1A5 /* ViewModel */ = {
			isa = PBXGroup;
			children = (
			);
			path = ViewModel;
			sourceTree = "<group>";
		};
		000D0D0A1DC2FDC400C1A1A5 /* Mine */ = {
			isa = PBXGroup;
			children = (
				000D0D0B1DC2FDC400C1A1A5 /* Controller */,
				000D0D0D1DC2FDC400C1A1A5 /* View */,
				000D0D0C1DC2FDC400C1A1A5 /* Model */,
				000D0D0E1DC2FDC400C1A1A5 /* ViewModel */,
			);
			path = Mine;
			sourceTree = "<group>";
		};
		000D0D0B1DC2FDC400C1A1A5 /* Controller */ = {
			isa = PBXGroup;
			children = (
				000D0D201DC320CF00C1A1A5 /* KSMine.storyboard */,
			);
			path = Controller;
			sourceTree = "<group>";
		};
		000D0D0C1DC2FDC400C1A1A5 /* Model */ = {
			isa = PBXGroup;
			children = (
			);
			path = Model;
			sourceTree = "<group>";
		};
		000D0D0D1DC2FDC400C1A1A5 /* View */ = {
			isa = PBXGroup;
			children = (
			);
			path = View;
			sourceTree = "<group>";
		};
		000D0D0E1DC2FDC400C1A1A5 /* ViewModel */ = {
			isa = PBXGroup;
			children = (
			);
			path = ViewModel;
			sourceTree = "<group>";
		};
		000D0D0F1DC2FDC400C1A1A5 /* Tools */ = {
			isa = PBXGroup;
			children = (
				000D0D101DC2FDC400C1A1A5 /* Extension */,
				000D0D261DC3467B00C1A1A5 /* KSCommon.swift */,
			);
			path = Tools;
			sourceTree = "<group>";
		};
		000D0D101DC2FDC400C1A1A5 /* Extension */ = {
			isa = PBXGroup;
			children = (
				00DBB3551DC6F3B300896787 /* UIColor_KSExtension.swift */,
			);
			path = Extension;
			sourceTree = "<group>";
		};
		000D0D111DC2FF7F00C1A1A5 /* Other */ = {
			isa = PBXGroup;
			children = (
				000D0D121DC2FF7F00C1A1A5 /* Assets.xcassets */,
				000D0D151DC2FF7F00C1A1A5 /* Main.storyboard */,
				000D0D141DC2FF7F00C1A1A5 /* LaunchScreen.storyboard */,
				000D0D131DC2FF7F00C1A1A5 /* Info.plist */,
			);
			path = Other;
			sourceTree = "<group>";
		};
/* End PBXGroup section */

/* Begin PBXNativeTarget section */
		000D0CA61DC2EBC100C1A1A5 /* KS_DYZB */ = {
			isa = PBXNativeTarget;
			buildConfigurationList = 000D0CCF1DC2EBC100C1A1A5 /* Build configuration list for PBXNativeTarget "KS_DYZB" */;
			buildPhases = (
				000D0CA31DC2EBC100C1A1A5 /* Sources */,
				000D0CA41DC2EBC100C1A1A5 /* Frameworks */,
				000D0CA51DC2EBC100C1A1A5 /* Resources */,
			);
			buildRules = (
			);
			dependencies = (
			);
			name = KS_DYZB;
			productName = KS_DYZB;
			productReference = 000D0CA71DC2EBC100C1A1A5 /* KS_DYZB.app */;
			productType = "com.apple.product-type.application";
		};
		000D0CBA1DC2EBC100C1A1A5 /* KS_DYZBTests */ = {
			isa = PBXNativeTarget;
			buildConfigurationList = 000D0CD21DC2EBC100C1A1A5 /* Build configuration list for PBXNativeTarget "KS_DYZBTests" */;
			buildPhases = (
				000D0CB71DC2EBC100C1A1A5 /* Sources */,
				000D0CB81DC2EBC100C1A1A5 /* Frameworks */,
				000D0CB91DC2EBC100C1A1A5 /* Resources */,
			);
			buildRules = (
			);
			dependencies = (
				000D0CBD1DC2EBC100C1A1A5 /* PBXTargetDependency */,
			);
			name = KS_DYZBTests;
			productName = KS_DYZBTests;
			productReference = 000D0CBB1DC2EBC100C1A1A5 /* KS_DYZBTests.xctest */;
			productType = "com.apple.product-type.bundle.unit-test";
		};
		000D0CC51DC2EBC100C1A1A5 /* KS_DYZBUITests */ = {
			isa = PBXNativeTarget;
			buildConfigurationList = 000D0CD51DC2EBC100C1A1A5 /* Build configuration list for PBXNativeTarget "KS_DYZBUITests" */;
			buildPhases = (
				000D0CC21DC2EBC100C1A1A5 /* Sources */,
				000D0CC31DC2EBC100C1A1A5 /* Frameworks */,
				000D0CC41DC2EBC100C1A1A5 /* Resources */,
			);
			buildRules = (
			);
			dependencies = (
				000D0CC81DC2EBC100C1A1A5 /* PBXTargetDependency */,
			);
			name = KS_DYZBUITests;
			productName = KS_DYZBUITests;
			productReference = 000D0CC61DC2EBC100C1A1A5 /* KS_DYZBUITests.xctest */;
			productType = "com.apple.product-type.bundle.ui-testing";
		};
/* End PBXNativeTarget section */

/* Begin PBXProject section */
		000D0C9F1DC2EBC100C1A1A5 /* Project object */ = {
			isa = PBXProject;
			attributes = {
				CLASSPREFIX = KS;
				LastSwiftUpdateCheck = 0800;
				LastUpgradeCheck = 0800;
				ORGANIZATIONNAME = KS;
				TargetAttributes = {
					000D0CA61DC2EBC100C1A1A5 = {
						CreatedOnToolsVersion = 8.0;
						DevelopmentTeam = MYGAR5HZ48;
						ProvisioningStyle = Automatic;
					};
					000D0CBA1DC2EBC100C1A1A5 = {
						CreatedOnToolsVersion = 8.0;
						DevelopmentTeam = MYGAR5HZ48;
						ProvisioningStyle = Automatic;
						TestTargetID = 000D0CA61DC2EBC100C1A1A5;
					};
					000D0CC51DC2EBC100C1A1A5 = {
						CreatedOnToolsVersion = 8.0;
						DevelopmentTeam = MYGAR5HZ48;
						ProvisioningStyle = Automatic;
						TestTargetID = 000D0CA61DC2EBC100C1A1A5;
					};
				};
			};
			buildConfigurationList = 000D0CA21DC2EBC100C1A1A5 /* Build configuration list for PBXProject "KS_DYZB" */;
			compatibilityVersion = "Xcode 3.2";
			developmentRegion = English;
			hasScannedForEncodings = 0;
			knownRegions = (
				en,
				Base,
			);
			mainGroup = 000D0C9E1DC2EBC100C1A1A5;
			productRefGroup = 000D0CA81DC2EBC100C1A1A5 /* Products */;
			projectDirPath = "";
			projectRoot = "";
			targets = (
				000D0CA61DC2EBC100C1A1A5 /* KS_DYZB */,
				000D0CBA1DC2EBC100C1A1A5 /* KS_DYZBTests */,
				000D0CC51DC2EBC100C1A1A5 /* KS_DYZBUITests */,
			);
		};
/* End PBXProject section */

/* Begin PBXResourcesBuildPhase section */
		000D0CA51DC2EBC100C1A1A5 /* Resources */ = {
			isa = PBXResourcesBuildPhase;
			buildActionMask = 2147483647;
			files = (
				000D0D181DC2FF7F00C1A1A5 /* LaunchScreen.storyboard in Resources */,
				000D0D171DC2FF7F00C1A1A5 /* Info.plist in Resources */,
				000D0D1F1DC3209100C1A1A5 /* KSFocus.storyboard in Resources */,
				000D0D1D1DC3205900C1A1A5 /* KSLive.storyboard in Resources */,
				000D0D1B1DC31FE800C1A1A5 /* KSHome.storyboard in Resources */,
				000D0D161DC2FF7F00C1A1A5 /* Assets.xcassets in Resources */,
				000D0D191DC2FF7F00C1A1A5 /* Main.storyboard in Resources */,
				000D0D211DC320CF00C1A1A5 /* KSMine.storyboard in Resources */,
			);
			runOnlyForDeploymentPostprocessing = 0;
		};
		000D0CB91DC2EBC100C1A1A5 /* Resources */ = {
			isa = PBXResourcesBuildPhase;
			buildActionMask = 2147483647;
			files = (
			);
			runOnlyForDeploymentPostprocessing = 0;
		};
		000D0CC41DC2EBC100C1A1A5 /* Resources */ = {
			isa = PBXResourcesBuildPhase;
			buildActionMask = 2147483647;
			files = (
			);
			runOnlyForDeploymentPostprocessing = 0;
		};
/* End PBXResourcesBuildPhase section */

/* Begin PBXSourcesBuildPhase section */
		000D0CA31DC2EBC100C1A1A5 /* Sources */ = {
			isa = PBXSourcesBuildPhase;
			buildActionMask = 2147483647;
			files = (
				000D0D271DC3467B00C1A1A5 /* KSCommon.swift in Sources */,
				000D0D291DC3541E00C1A1A5 /* KSPageContentView.swift in Sources */,
				000D0D231DC3370800C1A1A5 /* KSHomeController.swift in Sources */,
				00DBB3561DC6F3B300896787 /* UIColor_KSExtension.swift in Sources */,
				000D0D251DC33E6700C1A1A5 /* KSPageTitleView.swift in Sources */,
				000D0CAB1DC2EBC100C1A1A5 /* AppDelegate.swift in Sources */,
			);
			runOnlyForDeploymentPostprocessing = 0;
		};
		000D0CB71DC2EBC100C1A1A5 /* Sources */ = {
			isa = PBXSourcesBuildPhase;
			buildActionMask = 2147483647;
			files = (
				000D0CC01DC2EBC100C1A1A5 /* KS_DYZBTests.swift in Sources */,
			);
			runOnlyForDeploymentPostprocessing = 0;
		};
		000D0CC21DC2EBC100C1A1A5 /* Sources */ = {
			isa = PBXSourcesBuildPhase;
			buildActionMask = 2147483647;
			files = (
				000D0CCB1DC2EBC100C1A1A5 /* KS_DYZBUITests.swift in Sources */,
			);
			runOnlyForDeploymentPostprocessing = 0;
		};
/* End PBXSourcesBuildPhase section */

/* Begin PBXTargetDependency section */
		000D0CBD1DC2EBC100C1A1A5 /* PBXTargetDependency */ = {
			isa = PBXTargetDependency;
			target = 000D0CA61DC2EBC100C1A1A5 /* KS_DYZB */;
			targetProxy = 000D0CBC1DC2EBC100C1A1A5 /* PBXContainerItemProxy */;
		};
		000D0CC81DC2EBC100C1A1A5 /* PBXTargetDependency */ = {
			isa = PBXTargetDependency;
			target = 000D0CA61DC2EBC100C1A1A5 /* KS_DYZB */;
			targetProxy = 000D0CC71DC2EBC100C1A1A5 /* PBXContainerItemProxy */;
		};
/* End PBXTargetDependency section */

/* Begin XCBuildConfiguration section */
		000D0CCD1DC2EBC100C1A1A5 /* Debug */ = {
			isa = XCBuildConfiguration;
			buildSettings = {
				ALWAYS_SEARCH_USER_PATHS = NO;
				CLANG_ANALYZER_NONNULL = YES;
				CLANG_CXX_LANGUAGE_STANDARD = "gnu++0x";
				CLANG_CXX_LIBRARY = "libc++";
				CLANG_ENABLE_MODULES = YES;
				CLANG_ENABLE_OBJC_ARC = YES;
				CLANG_WARN_BOOL_CONVERSION = YES;
				CLANG_WARN_CONSTANT_CONVERSION = YES;
				CLANG_WARN_DIRECT_OBJC_ISA_USAGE = YES_ERROR;
				CLANG_WARN_DOCUMENTATION_COMMENTS = YES;
				CLANG_WARN_EMPTY_BODY = YES;
				CLANG_WARN_ENUM_CONVERSION = YES;
				CLANG_WARN_INFINITE_RECURSION = YES;
				CLANG_WARN_INT_CONVERSION = YES;
				CLANG_WARN_OBJC_ROOT_CLASS = YES_ERROR;
				CLANG_WARN_SUSPICIOUS_MOVES = YES;
				CLANG_WARN_UNREACHABLE_CODE = YES;
				CLANG_WARN__DUPLICATE_METHOD_MATCH = YES;
				"CODE_SIGN_IDENTITY[sdk=iphoneos*]" = "iPhone Developer";
				COPY_PHASE_STRIP = NO;
				DEBUG_INFORMATION_FORMAT = dwarf;
				ENABLE_STRICT_OBJC_MSGSEND = YES;
				ENABLE_TESTABILITY = YES;
				GCC_C_LANGUAGE_STANDARD = gnu99;
				GCC_DYNAMIC_NO_PIC = NO;
				GCC_NO_COMMON_BLOCKS = YES;
				GCC_OPTIMIZATION_LEVEL = 0;
				GCC_PREPROCESSOR_DEFINITIONS = (
					"DEBUG=1",
					"$(inherited)",
				);
				GCC_WARN_64_TO_32_BIT_CONVERSION = YES;
				GCC_WARN_ABOUT_RETURN_TYPE = YES_ERROR;
				GCC_WARN_UNDECLARED_SELECTOR = YES;
				GCC_WARN_UNINITIALIZED_AUTOS = YES_AGGRESSIVE;
				GCC_WARN_UNUSED_FUNCTION = YES;
				GCC_WARN_UNUSED_VARIABLE = YES;
				IPHONEOS_DEPLOYMENT_TARGET = 10.0;
				MTL_ENABLE_DEBUG_INFO = YES;
				ONLY_ACTIVE_ARCH = YES;
				SDKROOT = iphoneos;
				SWIFT_ACTIVE_COMPILATION_CONDITIONS = DEBUG;
				SWIFT_OPTIMIZATION_LEVEL = "-Onone";
			};
			name = Debug;
		};
		000D0CCE1DC2EBC100C1A1A5 /* Release */ = {
			isa = XCBuildConfiguration;
			buildSettings = {
				ALWAYS_SEARCH_USER_PATHS = NO;
				CLANG_ANALYZER_NONNULL = YES;
				CLANG_CXX_LANGUAGE_STANDARD = "gnu++0x";
				CLANG_CXX_LIBRARY = "libc++";
				CLANG_ENABLE_MODULES = YES;
				CLANG_ENABLE_OBJC_ARC = YES;
				CLANG_WARN_BOOL_CONVERSION = YES;
				CLANG_WARN_CONSTANT_CONVERSION = YES;
				CLANG_WARN_DIRECT_OBJC_ISA_USAGE = YES_ERROR;
				CLANG_WARN_DOCUMENTATION_COMMENTS = YES;
				CLANG_WARN_EMPTY_BODY = YES;
				CLANG_WARN_ENUM_CONVERSION = YES;
				CLANG_WARN_INFINITE_RECURSION = YES;
				CLANG_WARN_INT_CONVERSION = YES;
				CLANG_WARN_OBJC_ROOT_CLASS = YES_ERROR;
				CLANG_WARN_SUSPICIOUS_MOVES = YES;
				CLANG_WARN_UNREACHABLE_CODE = YES;
				CLANG_WARN__DUPLICATE_METHOD_MATCH = YES;
				"CODE_SIGN_IDENTITY[sdk=iphoneos*]" = "iPhone Developer";
				COPY_PHASE_STRIP = NO;
				DEBUG_INFORMATION_FORMAT = "dwarf-with-dsym";
				ENABLE_NS_ASSERTIONS = NO;
				ENABLE_STRICT_OBJC_MSGSEND = YES;
				GCC_C_LANGUAGE_STANDARD = gnu99;
				GCC_NO_COMMON_BLOCKS = YES;
				GCC_WARN_64_TO_32_BIT_CONVERSION = YES;
				GCC_WARN_ABOUT_RETURN_TYPE = YES_ERROR;
				GCC_WARN_UNDECLARED_SELECTOR = YES;
				GCC_WARN_UNINITIALIZED_AUTOS = YES_AGGRESSIVE;
				GCC_WARN_UNUSED_FUNCTION = YES;
				GCC_WARN_UNUSED_VARIABLE = YES;
				IPHONEOS_DEPLOYMENT_TARGET = 10.0;
				MTL_ENABLE_DEBUG_INFO = NO;
				SDKROOT = iphoneos;
				SWIFT_OPTIMIZATION_LEVEL = "-Owholemodule";
				VALIDATE_PRODUCT = YES;
			};
			name = Release;
		};
		000D0CD01DC2EBC100C1A1A5 /* Debug */ = {
			isa = XCBuildConfiguration;
			buildSettings = {
				ASSETCATALOG_COMPILER_APPICON_NAME = AppIcon;
				ASSETCATALOG_COMPILER_LAUNCHIMAGE_NAME = "Brand Assets";
				DEVELOPMENT_TEAM = MYGAR5HZ48;
				INFOPLIST_FILE = KS_DYZB/Other/Info.plist;
				LD_RUNPATH_SEARCH_PATHS = "$(inherited) @executable_path/Frameworks";
				PRODUCT_BUNDLE_IDENTIFIER = "com.uhoem.KS-DYZB";
				PRODUCT_NAME = "$(TARGET_NAME)";
				SWIFT_VERSION = 3.0;
			};
			name = Debug;
		};
		000D0CD11DC2EBC100C1A1A5 /* Release */ = {
			isa = XCBuildConfiguration;
			buildSettings = {
				ASSETCATALOG_COMPILER_APPICON_NAME = AppIcon;
				ASSETCATALOG_COMPILER_LAUNCHIMAGE_NAME = "Brand Assets";
				DEVELOPMENT_TEAM = MYGAR5HZ48;
				INFOPLIST_FILE = KS_DYZB/Other/Info.plist;
				LD_RUNPATH_SEARCH_PATHS = "$(inherited) @executable_path/Frameworks";
				PRODUCT_BUNDLE_IDENTIFIER = "com.uhoem.KS-DYZB";
				PRODUCT_NAME = "$(TARGET_NAME)";
				SWIFT_VERSION = 3.0;
			};
			name = Release;
		};
		000D0CD31DC2EBC100C1A1A5 /* Debug */ = {
			isa = XCBuildConfiguration;
			buildSettings = {
				ALWAYS_EMBED_SWIFT_STANDARD_LIBRARIES = YES;
				BUNDLE_LOADER = "$(TEST_HOST)";
				DEVELOPMENT_TEAM = MYGAR5HZ48;
				INFOPLIST_FILE = KS_DYZBTests/Info.plist;
				LD_RUNPATH_SEARCH_PATHS = "$(inherited) @executable_path/Frameworks @loader_path/Frameworks";
				PRODUCT_BUNDLE_IDENTIFIER = "com.uhoem.KS-DYZBTests";
				PRODUCT_NAME = "$(TARGET_NAME)";
				SWIFT_VERSION = 3.0;
				TEST_HOST = "$(BUILT_PRODUCTS_DIR)/KS_DYZB.app/KS_DYZB";
			};
			name = Debug;
		};
		000D0CD41DC2EBC100C1A1A5 /* Release */ = {
			isa = XCBuildConfiguration;
			buildSettings = {
				ALWAYS_EMBED_SWIFT_STANDARD_LIBRARIES = YES;
				BUNDLE_LOADER = "$(TEST_HOST)";
				DEVELOPMENT_TEAM = MYGAR5HZ48;
				INFOPLIST_FILE = KS_DYZBTests/Info.plist;
				LD_RUNPATH_SEARCH_PATHS = "$(inherited) @executable_path/Frameworks @loader_path/Frameworks";
				PRODUCT_BUNDLE_IDENTIFIER = "com.uhoem.KS-DYZBTests";
				PRODUCT_NAME = "$(TARGET_NAME)";
				SWIFT_VERSION = 3.0;
				TEST_HOST = "$(BUILT_PRODUCTS_DIR)/KS_DYZB.app/KS_DYZB";
			};
			name = Release;
		};
		000D0CD61DC2EBC100C1A1A5 /* Debug */ = {
			isa = XCBuildConfiguration;
			buildSettings = {
				ALWAYS_EMBED_SWIFT_STANDARD_LIBRARIES = YES;
				DEVELOPMENT_TEAM = MYGAR5HZ48;
				INFOPLIST_FILE = KS_DYZBUITests/Info.plist;
				LD_RUNPATH_SEARCH_PATHS = "$(inherited) @executable_path/Frameworks @loader_path/Frameworks";
				PRODUCT_BUNDLE_IDENTIFIER = "com.uhoem.KS-DYZBUITests";
				PRODUCT_NAME = "$(TARGET_NAME)";
				SWIFT_VERSION = 3.0;
				TEST_TARGET_NAME = KS_DYZB;
			};
			name = Debug;
		};
		000D0CD71DC2EBC100C1A1A5 /* Release */ = {
			isa = XCBuildConfiguration;
			buildSettings = {
				ALWAYS_EMBED_SWIFT_STANDARD_LIBRARIES = YES;
				DEVELOPMENT_TEAM = MYGAR5HZ48;
				INFOPLIST_FILE = KS_DYZBUITests/Info.plist;
				LD_RUNPATH_SEARCH_PATHS = "$(inherited) @executable_path/Frameworks @loader_path/Frameworks";
				PRODUCT_BUNDLE_IDENTIFIER = "com.uhoem.KS-DYZBUITests";
				PRODUCT_NAME = "$(TARGET_NAME)";
				SWIFT_VERSION = 3.0;
				TEST_TARGET_NAME = KS_DYZB;
			};
			name = Release;
		};
/* End XCBuildConfiguration section */

/* Begin XCConfigurationList section */
		000D0CA21DC2EBC100C1A1A5 /* Build configuration list for PBXProject "KS_DYZB" */ = {
			isa = XCConfigurationList;
			buildConfigurations = (
				000D0CCD1DC2EBC100C1A1A5 /* Debug */,
				000D0CCE1DC2EBC100C1A1A5 /* Release */,
			);
			defaultConfigurationIsVisible = 0;
			defaultConfigurationName = Release;
		};
		000D0CCF1DC2EBC100C1A1A5 /* Build configuration list for PBXNativeTarget "KS_DYZB" */ = {
			isa = XCConfigurationList;
			buildConfigurations = (
				000D0CD01DC2EBC100C1A1A5 /* Debug */,
				000D0CD11DC2EBC100C1A1A5 /* Release */,
			);
			defaultConfigurationIsVisible = 0;
			defaultConfigurationName = Release;
		};
		000D0CD21DC2EBC100C1A1A5 /* Build configuration list for PBXNativeTarget "KS_DYZBTests" */ = {
			isa = XCConfigurationList;
			buildConfigurations = (
				000D0CD31DC2EBC100C1A1A5 /* Debug */,
				000D0CD41DC2EBC100C1A1A5 /* Release */,
			);
			defaultConfigurationIsVisible = 0;
			defaultConfigurationName = Release;
		};
		000D0CD51DC2EBC100C1A1A5 /* Build configuration list for PBXNativeTarget "KS_DYZBUITests" */ = {
			isa = XCConfigurationList;
			buildConfigurations = (
				000D0CD61DC2EBC100C1A1A5 /* Debug */,
				000D0CD71DC2EBC100C1A1A5 /* Release */,
			);
			defaultConfigurationIsVisible = 0;
			defaultConfigurationName = Release;
		};
/* End XCConfigurationList section */
	};
	rootObject = 000D0C9F1DC2EBC100C1A1A5 /* Project object */;
}
